lockfileVersion: '9.0'

settings:
  autoInstallPeers: true
  excludeLinksFromLockfile: false

importers:

  .:
    dependencies:
      '@influxdata/influxdb-client':
        specifier: ^1.34.0
        version: 1.34.0
      croner:
        specifier: ^8.1.0
        version: 8.1.0
      node-dht-sensor:
        specifier: ^0.4.3
        version: 0.4.3
    devDependencies:
      '@types/node':
        specifier: ^22.0.0
        version: 22.0.0
      '@types/node-dht-sensor':
        specifier: ^0.4.2
        version: 0.4.2
      typescript:
        specifier: ^5.5.4
        version: 5.5.4

packages:

  '@influxdata/influxdb-client@1.34.0':
    resolution: {integrity: sha512-pZ0YW593az8wtPbwEYzpDZrQ+He+UmcQb30VZOYWftHsAUXY19NbfHuIJgly/h/qPfiN9zeJp7NbKFEJKMt/Ww==}

  '@types/node-dht-sensor@0.4.2':
    resolution: {integrity: sha512-A3ZKfBautd/qTuAAR5PLi144MylHqMtW+t2vpwsDToRFdfvlBlvHktl8358njRg8KN1UxIyeByCcVwdyQqZdvg==}

  '@types/node@22.0.0':
    resolution: {integrity: sha512-VT7KSYudcPOzP5Q0wfbowyNLaVR8QWUdw+088uFWwfvpY6uCWaXpqV6ieLAu9WBcnTa7H4Z5RLK8I5t2FuOcqw==}

  croner@8.1.0:
    resolution: {integrity: sha512-sz990XOUPR8dG/r5BRKMBd15MYDDUu8oeSaxFD5DqvNgHSZw8Psd1s689/IGET7ezxRMiNlCIyGeY1Gvxp/MLg==}
    engines: {node: '>=18.0'}

  node-addon-api@1.7.2:
    resolution: {integrity: sha512-ibPK3iA+vaY1eEjESkQkM0BbCqFOaZMiXRTtdB0u7b4djtY6JnsjvPdUHVMg6xQt3B8fpTTWHI9A+ADjM9frzg==}

  node-dht-sensor@0.4.3:
    resolution: {integrity: sha512-DMJO6UjWiDF3WP0qAgzPXDAAMAT0VVedFbtCUU/jynIRPO2Sa+2zwA3d7ySriha87Tccd4e+kiJoOxSc9BkSKw==}

  typescript@5.5.4:
    resolution: {integrity: sha512-Mtq29sKDAEYP7aljRgtPOpTvOfbwRWlS6dPRzwjdE+C0R4brX/GUyhHSecbHMFLNBLcJIPt9nl9yG5TZ1weH+Q==}
    engines: {node: '>=14.17'}
    hasBin: true

  undici-types@6.11.1:
    resolution: {integrity: sha512-mIDEX2ek50x0OlRgxryxsenE5XaQD4on5U2inY7RApK3SOJpofyw7uW2AyfMKkhAxXIceo2DeWGVGwyvng1GNQ==}

snapshots:

  '@influxdata/influxdb-client@1.34.0': {}

  '@types/node-dht-sensor@0.4.2':
    dependencies:
      '@types/node': 22.0.0

  '@types/node@22.0.0':
    dependencies:
      undici-types: 6.11.1

  croner@8.1.0: {}

  node-addon-api@1.7.2: {}

  node-dht-sensor@0.4.3:
    dependencies:
      node-addon-api: 1.7.2

  typescript@5.5.4: {}

  undici-types@6.11.1: {}
